
Microsoft Visual Studio Solution File, Format Version 12.00
# Visual Studio Version 16
VisualStudioVersion = 16.0.29509.3
MinimumVisualStudioVersion = 10.0.40219.1
Project("{FAE04EC0-301F-11D3-BF4B-00C04F79EFBC}") = "CleanArchExample.Entity", "CleanArchExample.Entity\CleanArchExample.Entity.csproj", "{A7C6B208-E834-4C4C-80B1-B084F9838A2E}"
EndProject
Project("{FAE04EC0-301F-11D3-BF4B-00C04F79EFBC}") = "CleanArchExample.Repository", "CleanArchExample.Repository\CleanArchExample.Repository.csproj", "{0FEE8E74-115B-49F0-AB84-70BB0718CC2D}"
EndProject
Project("{FAE04EC0-301F-11D3-BF4B-00C04F79EFBC}") = "CleanArchExample.Domain", "CleanArchExample.Domain\CleanArchExample.Domain.csproj", "{44B62171-833B-472E-BBDF-A273C886D07C}"
EndProject
Project("{FAE04EC0-301F-11D3-BF4B-00C04F79EFBC}") = "CleanArchExample.IoC", "CleanArchExample.IoC\CleanArchExample.IoC.csproj", "{D7FB1857-9757-4074-8A92-23107B227B13}"
EndProject
Project("{FAE04EC0-301F-11D3-BF4B-00C04F79EFBC}") = "CleanArchExample.Api", "CleanArchExample.Api\CleanArchExample.Api.csproj", "{BC0B349D-DEF5-4712-99E3-3EB208714D6B}"
EndProject
Global
	GlobalSection(SolutionConfigurationPlatforms) = preSolution
		Debug|Any CPU = Debug|Any CPU
		Release|Any CPU = Release|Any CPU
	EndGlobalSection
	GlobalSection(ProjectConfigurationPlatforms) = postSolution
		{A7C6B208-E834-4C4C-80B1-B084F9838A2E}.Debug|Any CPU.ActiveCfg = Debug|Any CPU
		{A7C6B208-E834-4C4C-80B1-B084F9838A2E}.Debug|Any CPU.Build.0 = Debug|Any CPU
		{A7C6B208-E834-4C4C-80B1-B084F9838A2E}.Release|Any CPU.ActiveCfg = Release|Any CPU
		{A7C6B208-E834-4C4C-80B1-B084F9838A2E}.Release|Any CPU.Build.0 = Release|Any CPU
		{0FEE8E74-115B-49F0-AB84-70BB0718CC2D}.Debug|Any CPU.ActiveCfg = Debug|Any CPU
		{0FEE8E74-115B-49F0-AB84-70BB0718CC2D}.Debug|Any CPU.Build.0 = Debug|Any CPU
		{0FEE8E74-115B-49F0-AB84-70BB0718CC2D}.Release|Any CPU.ActiveCfg = Release|Any CPU
		{0FEE8E74-115B-49F0-AB84-70BB0718CC2D}.Release|Any CPU.Build.0 = Release|Any CPU
		{44B62171-833B-472E-BBDF-A273C886D07C}.Debug|Any CPU.ActiveCfg = Debug|Any CPU
		{44B62171-833B-472E-BBDF-A273C886D07C}.Debug|Any CPU.Build.0 = Debug|Any CPU
		{44B62171-833B-472E-BBDF-A273C886D07C}.Release|Any CPU.ActiveCfg = Release|Any CPU
		{44B62171-833B-472E-BBDF-A273C886D07C}.Release|Any CPU.Build.0 = Release|Any CPU
		{D7FB1857-9757-4074-8A92-23107B227B13}.Debug|Any CPU.ActiveCfg = Debug|Any CPU
		{D7FB1857-9757-4074-8A92-23107B227B13}.Debug|Any CPU.Build.0 = Debug|Any CPU
		{D7FB1857-9757-4074-8A92-23107B227B13}.Release|Any CPU.ActiveCfg = Release|Any CPU
		{D7FB1857-9757-4074-8A92-23107B227B13}.Release|Any CPU.Build.0 = Release|Any CPU
		{BC0B349D-DEF5-4712-99E3-3EB208714D6B}.Debug|Any CPU.ActiveCfg = Debug|Any CPU
		{BC0B349D-DEF5-4712-99E3-3EB208714D6B}.Debug|Any CPU.Build.0 = Debug|Any CPU
		{BC0B349D-DEF5-4712-99E3-3EB208714D6B}.Release|Any CPU.ActiveCfg = Release|Any CPU
		{BC0B349D-DEF5-4712-99E3-3EB208714D6B}.Release|Any CPU.Build.0 = Release|Any CPU
	EndGlobalSection
	GlobalSection(SolutionProperties) = preSolution
		HideSolutionNode = FALSE
	EndGlobalSection
	GlobalSection(ExtensibilityGlobals) = postSolution
		SolutionGuid = {D73CA234-E53D-46A2-964C-129ED24866BF}
	EndGlobalSection
EndGlobal
